PATH
  remote: ../../ruby
  specs:
    shopify-draft-proxy (0.1.0)

GEM
  remote: https://rubygems.org/
  specs:
    activesupport (8.1.3)
      base64
      bigdecimal
      concurrent-ruby (~> 1.0, >= 1.3.1)
      connection_pool (>= 2.2.5)
      drb
      i18n (>= 1.6, < 2)
      json
      logger (>= 1.4.2)
      minitest (>= 5.1)
      securerandom (>= 0.3)
      tzinfo (~> 2.0, >= 2.0.5)
      uri (>= 0.13.1)
    addressable (2.9.0)
      public_suffix (>= 2.0.2, < 8.0)
    base64 (0.3.0)
    bigdecimal (4.1.2)
    concurrent-ruby (1.3.6)
    connection_pool (3.0.2)
    crack (1.0.1)
      bigdecimal
      rexml
    csv (3.3.5)
    drb (2.2.3)
    hash_diff (1.1.1)
    hashdiff (1.2.1)
    httparty (0.24.2)
      csv
      mini_mime (>= 1.0.0)
      multi_xml (>= 0.5.2)
    i18n (1.14.8)
      concurrent-ruby (~> 1.0)
    json (2.19.9)
    jwt (3.2.0)
      base64
    logger (1.7.0)
    mini_mime (1.1.5)
    minitest (5.27.0)
    multi_xml (0.9.1)
      bigdecimal (>= 3.1, < 5)
    oj (3.17.3)
      bigdecimal (>= 3.0)
      ostruct (>= 0.2)
    openssl (4.0.2)
    ostruct (0.6.3)
    public_suffix (7.0.5)
    rake (13.4.2)
    rexml (3.4.4)
    securerandom (0.4.1)
    shopify_api (16.2.0)
      activesupport
      concurrent-ruby
      hash_diff
      httparty
      jwt
      oj
      openssl
      securerandom
      sorbet-runtime
      zeitwerk (~> 2.5)
    sorbet-runtime (0.6.13297)
    tzinfo (2.0.6)
      concurrent-ruby (~> 1.0)
    uri (1.1.1)
    webmock (3.26.2)
      addressable (>= 2.8.0)
      crack (>= 0.3.2)
      hashdiff (>= 0.4.0, < 2.0.0)
    zeitwerk (2.8.2)

PLATFORMS
  aarch64-linux
  arm64-darwin-23
  ruby
  x86_64-linux

DEPENDENCIES
  minitest (~> 5.0)
  rake (~> 13.0)
  shopify-draft-proxy!
  shopify_api (~> 16.2)
  webmock (~> 3.0)

BUNDLED WITH
   2.5.22
